// !$*UTF8*$!
{
	archiveVersion = 1;
	classes = {
	};
	objectVersion = 50;
	objects = {

/* Begin PBXBuildFile section */
		B65B5B692535CD5100552B62 /* AppDelegate.swift in Sources */ = {isa = PBXBuildFile; fileRef = B65B5B682535CD5100552B62 /* AppDelegate.swift */; };
		B65B5B6B2535CD5100552B62 /* SceneDelegate.swift in Sources */ = {isa = PBXBuildFile; fileRef = B65B5B6A2535CD5100552B62 /* SceneDelegate.swift */; };
		B65B5B6D2535CD5100552B62 /* DogCollectionViewController.swift in Sources */ = {isa = PBXBuildFile; fileRef = B65B5B6C2535CD5100552B62 /* DogCollectionViewController.swift */; };
		B65B5B702535CD5100552B62 /* Main.storyboard in Resources */ = {isa = PBXBuildFile; fileRef = B65B5B6E2535CD5100552B62 /* Main.storyboard */; };
		B65B5B722535CD5300552B62 /* Assets.xcassets in Resources */ = {isa = PBXBuildFile; fileRef = B65B5B712535CD5300552B62 /* Assets.xcassets */; };
		B65B5B752535CD5300552B62 /* LaunchScreen.storyboard in Resources */ = {isa = PBXBuildFile; fileRef = B65B5B732535CD5300552B62 /* LaunchScreen.storyboard */; };
		B65B5B7E2535CDA700552B62 /* Dog.swift in Sources */ = {isa = PBXBuildFile; fileRef = B65B5B7D2535CDA700552B62 /* Dog.swift */; };
		B65B5B812535CDCD00552B62 /* NetworkManager.swift in Sources */ = {isa = PBXBuildFile; fileRef = B65B5B802535CDCD00552B62 /* NetworkManager.swift */; };
		B65B5B842535D55500552B62 /* DogCell.swift in Sources */ = {isa = PBXBuildFile; fileRef = B65B5B832535D55500552B62 /* DogCell.swift */; };
		B65B5B872535D5C700552B62 /* UIImage+Ext.swift in Sources */ = {isa = PBXBuildFile; fileRef = B65B5B862535D5C700552B62 /* UIImage+Ext.swift */; };
		B65B5B8E2535DB5300552B62 /* ConcurentOperation.swift in Sources */ = {isa = PBXBuildFile; fileRef = B65B5B8D2535DB5300552B62 /* ConcurentOperation.swift */; };
		B65B5B912535DB8800552B62 /* FetchPhotoOperation.swift in Sources */ = {isa = PBXBuildFile; fileRef = B65B5B902535DB8800552B62 /* FetchPhotoOperation.swift */; };
		B65B5B942535DC5900552B62 /* Cache.swift in Sources */ = {isa = PBXBuildFile; fileRef = B65B5B932535DC5900552B62 /* Cache.swift */; };
/* End PBXBuildFile section */

/* Begin PBXFileReference section */
		B65B5B652535CD5100552B62 /* Dogs.app */ = {isa = PBXFileReference; explicitFileType = wrapper.application; includeInIndex = 0; path = Dogs.app; sourceTree = BUILT_PRODUCTS_DIR; };
		B65B5B682535CD5100552B62 /* AppDelegate.swift */ = {isa = PBXFileReference; lastKnownFileType = sourcecode.swift; path = AppDelegate.swift; sourceTree = "<group>"; };
		B65B5B6A2535CD5100552B62 /* SceneDelegate.swift */ = {isa = PBXFileReference; lastKnownFileType = sourcecode.swift; path = SceneDelegate.swift; sourceTree = "<group>"; };
		B65B5B6C2535CD5100552B62 /* DogCollectionViewController.swift */ = {isa = PBXFileReference; lastKnownFileType = sourcecode.swift; path = DogCollectionViewController.swift; sourceTree = "<group>"; };
		B65B5B6F2535CD5100552B62 /* Base */ = {isa = PBXFileReference; lastKnownFileType = file.storyboard; name = Base; path = Base.lproj/Main.storyboard; sourceTree = "<group>"; };
		B65B5B712535CD5300552B62 /* Assets.xcassets */ = {isa = PBXFileReference; lastKnownFileType = folder.assetcatalog; path = Assets.xcassets; sourceTree = "<group>"; };
		B65B5B742535CD5300552B62 /* Base */ = {isa = PBXFileReference; lastKnownFileType = file.storyboard; name = Base; path = Base.lproj/LaunchScreen.storyboard; sourceTree = "<group>"; };
		B65B5B762535CD5300552B62 /* Info.plist */ = {isa = PBXFileReference; lastKnownFileType = text.plist.xml; path = Info.plist; sourceTree = "<group>"; };
		B65B5B7D2535CDA700552B62 /* Dog.swift */ = {isa = PBXFileReference; lastKnownFileType = sourcecode.swift; path = Dog.swift; sourceTree = "<group>"; };
		B65B5B802535CDCD00552B62 /* NetworkManager.swift */ = {isa = PBXFileReference; lastKnownFileType = sourcecode.swift; path = NetworkManager.swift; sourceTree = "<group>"; };
		B65B5B832535D55500552B62 /* DogCell.swift */ = {isa = PBXFileReference; lastKnownFileType = sourcecode.swift; path = DogCell.swift; sourceTree = "<group>"; };
		B65B5B862535D5C700552B62 /* UIImage+Ext.swift */ = {isa = PBXFileReference; lastKnownFileType = sourcecode.swift; path = "UIImage+Ext.swift"; sourceTree = "<group>"; };
		B65B5B8D2535DB5300552B62 /* ConcurentOperation.swift */ = {isa = PBXFileReference; lastKnownFileType = sourcecode.swift; path = ConcurentOperation.swift; sourceTree = "<group>"; };
		B65B5B902535DB8800552B62 /* FetchPhotoOperation.swift */ = {isa = PBXFileReference; lastKnownFileType = sourcecode.swift; path = FetchPhotoOperation.swift; sourceTree = "<group>"; };
		B65B5B932535DC5900552B62 /* Cache.swift */ = {isa = PBXFileReference; lastKnownFileType = sourcecode.swift; path = Cache.swift; sourceTree = "<group>"; };
/* End PBXFileReference section */

/* Begin PBXFrameworksBuildPhase section */
		B65B5B622535CD5100552B62 /* Frameworks */ = {
			isa = PBXFrameworksBuildPhase;
			buildActionMask = 2147483647;
			files = (
			);
			runOnlyForDeploymentPostprocessing = 0;
		};
/* End PBXFrameworksBuildPhase section */

/* Begin PBXGroup section */
		B65B5B5C2535CD5100552B62 = {
			isa = PBXGroup;
			children = (
				B65B5B672535CD5100552B62 /* Dogs */,
				B65B5B662535CD5100552B62 /* Products */,
			);
			sourceTree = "<group>";
		};
		B65B5B662535CD5100552B62 /* Products */ = {
			isa = PBXGroup;
			children = (
				B65B5B652535CD5100552B62 /* Dogs.app */,
			);
			name = Products;
			sourceTree = "<group>";
		};
		B65B5B672535CD5100552B62 /* Dogs */ = {
			isa = PBXGroup;
			children = (
				B65B5B682535CD5100552B62 /* AppDelegate.swift */,
				B65B5B6A2535CD5100552B62 /* SceneDelegate.swift */,
				B65B5B6C2535CD5100552B62 /* DogCollectionViewController.swift */,
				B65B5B862535D5C700552B62 /* UIImage+Ext.swift */,
				B65B5B8D2535DB5300552B62 /* ConcurentOperation.swift */,
				B65B5B932535DC5900552B62 /* Cache.swift */,
				B65B5B902535DB8800552B62 /* FetchPhotoOperation.swift */,
				B65B5B802535CDCD00552B62 /* NetworkManager.swift */,
				B65B5B832535D55500552B62 /* DogCell.swift */,
				B65B5B7D2535CDA700552B62 /* Dog.swift */,
				B65B5B6E2535CD5100552B62 /* Main.storyboard */,
				B65B5B712535CD5300552B62 /* Assets.xcassets */,
				B65B5B732535CD5300552B62 /* LaunchScreen.storyboard */,
				B65B5B762535CD5300552B62 /* Info.plist */,
			);
			path = Dogs;
			sourceTree = "<group>";
		};
/* End PBXGroup section */

/* Begin PBXNativeTarget section */
		B65B5B642535CD5100552B62 /* Dogs */ = {
			isa = PBXNativeTarget;
			buildConfigurationList = B65B5B792535CD5300552B62 /* Build configuration list for PBXNativeTarget "Dogs" */;
			buildPhases = (
				B65B5B612535CD5100552B62 /* Sources */,
				B65B5B622535CD5100552B62 /* Frameworks */,
				B65B5B632535CD5100552B62 /* Resources */,
			);
			buildRules = (
			);
			dependencies = (
			);
			name = Dogs;
			productName = Dogs;
			productReference = B65B5B652535CD5100552B62 /* Dogs.app */;
			productType = "com.apple.product-type.application";
		};
/* End PBXNativeTarget section */

/* Begin PBXProject section */
		B65B5B5D2535CD5100552B62 /* Project object */ = {
			isa = PBXProject;
			attributes = {
				LastSwiftUpdateCheck = 1200;
				LastUpgradeCheck = 1200;
				TargetAttributes = {
					B65B5B642535CD5100552B62 = {
						CreatedOnToolsVersion = 12.0.1;
					};
				};
			};
			buildConfigurationList = B65B5B602535CD5100552B62 /* Build configuration list for PBXProject "Dogs" */;
			compatibilityVersion = "Xcode 9.3";
			developmentRegion = en;
			hasScannedForEncodings = 0;
			knownRegions = (
				en,
				Base,
			);
			mainGroup = B65B5B5C2535CD5100552B62;
			productRefGroup = B65B5B662535CD5100552B62 /* Products */;
			projectDirPath = "";
			projectRoot = "";
			targets = (
				B65B5B642535CD5100552B62 /* Dogs */,
			);
		};
/* End PBXProject section */

/* Begin PBXResourcesBuildPhase section */
		B65B5B632535CD5100552B62 /* Resources */ = {
			isa = PBXResourcesBuildPhase;
			buildActionMask = 2147483647;
			files = (
				B65B5B752535CD5300552B62 /* LaunchScreen.storyboard in Resources */,
				B65B5B722535CD5300552B62 /* Assets.xcassets in Resources */,
				B65B5B702535CD5100552B62 /* Main.storyboard in Resources */,
			);
			runOnlyForDeploymentPostprocessing = 0;
		};
/* End PBXResourcesBuildPhase section */

/* Begin PBXSourcesBuildPhase section */
		B65B5B612535CD5100552B62 /* Sources */ = {
			isa = PBXSourcesBuildPhase;
			buildActionMask = 2147483647;
			files = (
				B65B5B872535D5C700552B62 /* UIImage+Ext.swift in Sources */,
				B65B5B6D2535CD5100552B62 /* DogCollectionViewController.swift in Sources */,
				B65B5B912535DB8800552B62 /* FetchPhotoOperation.swift in Sources */,
				B65B5B692535CD5100552B62 /* AppDelegate.swift in Sources */,
				B65B5B842535D55500552B62 /* DogCell.swift in Sources */,
				B65B5B812535CDCD00552B62 /* NetworkManager.swift in Sources */,
				B65B5B942535DC5900552B62 /* Cache.swift in Sources */,
				B65B5B8E2535DB5300552B62 /* ConcurentOperation.swift in Sources */,
				B65B5B7E2535CDA700552B62 /* Dog.swift in Sources */,
				B65B5B6B2535CD5100552B62 /* SceneDelegate.swift in Sources */,
			);
			runOnlyForDeploymentPostprocessing = 0;
		};
/* End PBXSourcesBuildPhase section */

/* Begin PBXVariantGroup section */
		B65B5B6E2535CD5100552B62 /* Main.storyboard */ = {
			isa = PBXVariantGroup;
			children = (
				B65B5B6F2535CD5100552B62 /* Base */,
			);
			name = Main.storyboard;
			sourceTree = "<group>";
		};
		B65B5B732535CD5300552B62 /* LaunchScreen.storyboard */ = {
			isa = PBXVariantGroup;
			children = (
				B65B5B742535CD5300552B62 /* Base */,
			);
			name = LaunchScreen.storyboard;
			sourceTree = "<group>";
		};
/* End PBXVariantGroup section */

/* Begin XCBuildConfiguration section */
		B65B5B772535CD5300552B62 /* Debug */ = {
			isa = XCBuildConfiguration;
			buildSettings = {
				ALWAYS_SEARCH_USER_PATHS = NO;
				CLANG_ANALYZER_NONNULL = YES;
				CLANG_ANALYZER_NUMBER_OBJECT_CONVERSION = YES_AGGRESSIVE;
				CLANG_CXX_LANGUAGE_STANDARD = "gnu++14";
				CLANG_CXX_LIBRARY = "libc++";
				CLANG_ENABLE_MODULES = YES;
				CLANG_ENABLE_OBJC_ARC = YES;
				CLANG_ENABLE_OBJC_WEAK = YES;
				CLANG_WARN_BLOCK_CAPTURE_AUTORELEASING = YES;
				CLANG_WARN_BOOL_CONVERSION = YES;
				CLANG_WARN_COMMA = YES;
				CLANG_WARN_CONSTANT_CONVERSION = YES;
				CLANG_WARN_DEPRECATED_OBJC_IMPLEMENTATIONS = YES;
				CLANG_WARN_DIRECT_OBJC_ISA_USAGE = YES_ERROR;
				CLANG_WARN_DOCUMENTATION_COMMENTS = YES;
				CLANG_WARN_EMPTY_BODY = YES;
				CLANG_WARN_ENUM_CONVERSION = YES;
				CLANG_WARN_INFINITE_RECURSION = YES;
				CLANG_WARN_INT_CONVERSION = YES;
				CLANG_WARN_NON_LITERAL_NULL_CONVERSION = YES;
				CLANG_WARN_OBJC_IMPLICIT_RETAIN_SELF = YES;
				CLANG_WARN_OBJC_LITERAL_CONVERSION = YES;
				CLANG_WARN_OBJC_ROOT_CLASS = YES_ERROR;
				CLANG_WARN_QUOTED_INCLUDE_IN_FRAMEWORK_HEADER = YES;
				CLANG_WARN_RANGE_LOOP_ANALYSIS = YES;
				CLANG_WARN_STRICT_PROTOTYPES = YES;
				CLANG_WARN_SUSPICIOUS_MOVE = YES;
				CLANG_WARN_UNGUARDED_AVAILABILITY = YES_AGGRESSIVE;
				CLANG_WARN_UNREACHABLE_CODE = YES;
				CLANG_WARN__DUPLICATE_METHOD_MATCH = YES;
				COPY_PHASE_STRIP = NO;
				DEBUG_INFORMATION_FORMAT = dwarf;
				ENABLE_STRICT_OBJC_MSGSEND = YES;
				ENABLE_TESTABILITY = YES;
				GCC_C_LANGUAGE_STANDARD = gnu11;
				GCC_DYNAMIC_NO_PIC = NO;
				GCC_NO_COMMON_BLOCKS = YES;
				GCC_OPTIMIZATION_LEVEL = 0;
				GCC_PREPROCESSOR_DEFINITIONS = (
					"DEBUG=1",
					"$(inherited)",
				);
				GCC_WARN_64_TO_32_BIT_CONVERSION = YES;
				GCC_WARN_ABOUT_RETURN_TYPE = YES_ERROR;
				GCC_WARN_UNDECLARED_SELECTOR = YES;
				GCC_WARN_UNINITIALIZED_AUTOS = YES_AGGRESSIVE;
				GCC_WARN_UNUSED_FUNCTION = YES;
				GCC_WARN_UNUSED_VARIABLE = YES;
				IPHONEOS_DEPLOYMENT_TARGET = 14.0;
				MTL_ENABLE_DEBUG_INFO = INCLUDE_SOURCE;
				MTL_FAST_MATH = YES;
				ONLY_ACTIVE_ARCH = YES;
				SDKROOT = iphoneos;
				SWIFT_ACTIVE_COMPILATION_CONDITIONS = DEBUG;
				SWIFT_OPTIMIZATION_LEVEL = "-Onone";
			};
			name = Debug;
		};
		B65B5B782535CD5300552B62 /* Release */ = {
			isa = XCBuildConfiguration;
			buildSettings = {
				ALWAYS_SEARCH_USER_PATHS = NO;
				CLANG_ANALYZER_NONNULL = YES;
				CLANG_ANALYZER_NUMBER_OBJECT_CONVERSION = YES_AGGRESSIVE;
				CLANG_CXX_LANGUAGE_STANDARD = "gnu++14";
				CLANG_CXX_LIBRARY = "libc++";
				CLANG_ENABLE_MODULES = YES;
				CLANG_ENABLE_OBJC_ARC = YES;
				CLANG_ENABLE_OBJC_WEAK = YES;
				CLANG_WARN_BLOCK_CAPTURE_AUTORELEASING = YES;
				CLANG_WARN_BOOL_CONVERSION = YES;
				CLANG_WARN_COMMA = YES;
				CLANG_WARN_CONSTANT_CONVERSION = YES;
				CLANG_WARN_DEPRECATED_OBJC_IMPLEMENTATIONS = YES;
				CLANG_WARN_DIRECT_OBJC_ISA_USAGE = YES_ERROR;
				CLANG_WARN_DOCUMENTATION_COMMENTS = YES;
				CLANG_WARN_EMPTY_BODY = YES;
				CLANG_WARN_ENUM_CONVERSION = YES;
				CLANG_WARN_INFINITE_RECURSION = YES;
				CLANG_WARN_INT_CONVERSION = YES;
				CLANG_WARN_NON_LITERAL_NULL_CONVERSION = YES;
				CLANG_WARN_OBJC_IMPLICIT_RETAIN_SELF = YES;
				CLANG_WARN_OBJC_LITERAL_CONVERSION = YES;
				CLANG_WARN_OBJC_ROOT_CLASS = YES_ERROR;
				CLANG_WARN_QUOTED_INCLUDE_IN_FRAMEWORK_HEADER = YES;
				CLANG_WARN_RANGE_LOOP_ANALYSIS = YES;
				CLANG_WARN_STRICT_PROTOTYPES = YES;
				CLANG_WARN_SUSPICIOUS_MOVE = YES;
				CLANG_WARN_UNGUARDED_AVAILABILITY = YES_AGGRESSIVE;
				CLANG_WARN_UNREACHABLE_CODE = YES;
				CLANG_WARN__DUPLICATE_METHOD_MATCH = YES;
				COPY_PHASE_STRIP = NO;
				DEBUG_INFORMATION_FORMAT = "dwarf-with-dsym";
				ENABLE_NS_ASSERTIONS = NO;
				ENABLE_STRICT_OBJC_MSGSEND = YES;
				GCC_C_LANGUAGE_STANDARD = gnu11;
				GCC_NO_COMMON_BLOCKS = YES;
				GCC_WARN_64_TO_32_BIT_CONVERSION = YES;
				GCC_WARN_ABOUT_RETURN_TYPE = YES_ERROR;
				GCC_WARN_UNDECLARED_SELECTOR = YES;
				GCC_WARN_UNINITIALIZED_AUTOS = YES_AGGRESSIVE;
				GCC_WARN_UNUSED_FUNCTION = YES;
				GCC_WARN_UNUSED_VARIABLE = YES;
				IPHONEOS_DEPLOYMENT_TARGET = 14.0;
				MTL_ENABLE_DEBUG_INFO = NO;
				MTL_FAST_MATH = YES;
				SDKROOT = iphoneos;
				SWIFT_COMPILATION_MODE = wholemodule;
				SWIFT_OPTIMIZATION_LEVEL = "-O";
				VALIDATE_PRODUCT = YES;
			};
			name = Release;
		};
		B65B5B7A2535CD5300552B62 /* Debug */ = {
			isa = XCBuildConfiguration;
			buildSettings = {
				ASSETCATALOG_COMPILER_APPICON_NAME = AppIcon;
				ASSETCATALOG_COMPILER_GLOBAL_ACCENT_COLOR_NAME = AccentColor;
				CODE_SIGN_STYLE = Automatic;
				DEVELOPMENT_TEAM = 4939K9623X;
				INFOPLIST_FILE = Dogs/Info.plist;
				LD_RUNPATH_SEARCH_PATHS = (
					"$(inherited)",
					"@executable_path/Frameworks",
				);
				PRODUCT_BUNDLE_IDENTIFIER = com.nicknguyen.developer.Dogs;
				PRODUCT_NAME = "$(TARGET_NAME)";
				SWIFT_VERSION = 5.0;
				TARGETED_DEVICE_FAMILY = "1,2";
			};
			name = Debug;
		};
		B65B5B7B2535CD5300552B62 /* Release */ = {
			isa = XCBuildConfiguration;
			buildSettings = {
				ASSETCATALOG_COMPILER_APPICON_NAME = AppIcon;
				ASSETCATALOG_COMPILER_GLOBAL_ACCENT_COLOR_NAME = AccentColor;
				CODE_SIGN_STYLE = Automatic;
				DEVELOPMENT_TEAM = 4939K9623X;
				INFOPLIST_FILE = Dogs/Info.plist;
				LD_RUNPATH_SEARCH_PATHS = (
					"$(inherited)",
					"@executable_path/Frameworks",
				);
				PRODUCT_BUNDLE_IDENTIFIER = com.nicknguyen.developer.Dogs;
				PRODUCT_NAME = "$(TARGET_NAME)";
				SWIFT_VERSION = 5.0;
				TARGETED_DEVICE_FAMILY = "1,2";
			};
			name = Release;
		};
/* End XCBuildConfiguration section */

/* Begin XCConfigurationList section */
		B65B5B602535CD5100552B62 /* Build configuration list for PBXProject "Dogs" */ = {
			isa = XCConfigurationList;
			buildConfigurations = (
				B65B5B772535CD5300552B62 /* Debug */,
				B65B5B782535CD5300552B62 /* Release */,
			);
			defaultConfigurationIsVisible = 0;
			defaultConfigurationName = Release;
		};
		B65B5B792535CD5300552B62 /* Build configuration list for PBXNativeTarget "Dogs" */ = {
			isa = XCConfigurationList;
			buildConfigurations = (
				B65B5B7A2535CD5300552B62 /* Debug */,
				B65B5B7B2535CD5300552B62 /* Release */,
			);
			defaultConfigurationIsVisible = 0;
			defaultConfigurationName = Release;
		};
/* End XCConfigurationList section */
	};
	rootObject = B65B5B5D2535CD5100552B62 /* Project object */;
}
